
Microsoft Visual Studio Solution File, Format Version 12.00
# Visual Studio Version 17
VisualStudioVersion = 17.5.33516.290
MinimumVisualStudioVersion = 10.0.40219.1
Project("{FAE04EC0-301F-11D3-BF4B-00C04F79EFBC}") = "2", "2\2.csproj", "{21F6B78F-14F9-41E3-B953-A753B726C65F}"
EndProject
Global
	GlobalSection(SolutionConfigurationPlatforms) = preSolution
		Debug|Any CPU = Debug|Any CPU
		Release|Any CPU = Release|Any CPU
	EndGlobalSection
	GlobalSection(ProjectConfigurationPlatforms) = postSolution
		{21F6B78F-14F9-41E3-B953-A753B726C65F}.Debug|Any CPU.ActiveCfg = Debug|Any CPU
		{21F6B78F-14F9-41E3-B953-A753B726C65F}.Debug|Any CPU.Build.0 = Debug|Any CPU
		{21F6B78F-14F9-41E3-B953-A753B726C65F}.Release|Any CPU.ActiveCfg = Release|Any CPU
		{21F6B78F-14F9-41E3-B953-A753B726C65F}.Release|Any CPU.Build.0 = Release|Any CPU
	EndGlobalSection
	GlobalSection(SolutionProperties) = preSolution
		HideSolutionNode = FALSE
	EndGlobalSection
	GlobalSection(ExtensibilityGlobals) = postSolution
		SolutionGuid = {7AF073C7-217F-41AC-97A9-263316FE416B}
	EndGlobalSection
EndGlobal
