
Microsoft Visual Studio Solution File, Format Version 12.00
# Visual Studio Version 17
VisualStudioVersion = 17.5.33516.290
MinimumVisualStudioVersion = 10.0.40219.1
Project("{FAE04EC0-301F-11D3-BF4B-00C04F79EFBC}") = "3", "3\3.csproj", "{96E55B45-A3E7-48D0-B061-4FB411EE9D36}"
EndProject
Global
	GlobalSection(SolutionConfigurationPlatforms) = preSolution
		Debug|Any CPU = Debug|Any CPU
		Release|Any CPU = Release|Any CPU
	EndGlobalSection
	GlobalSection(ProjectConfigurationPlatforms) = postSolution
		{96E55B45-A3E7-48D0-B061-4FB411EE9D36}.Debug|Any CPU.ActiveCfg = Debug|Any CPU
		{96E55B45-A3E7-48D0-B061-4FB411EE9D36}.Debug|Any CPU.Build.0 = Debug|Any CPU
		{96E55B45-A3E7-48D0-B061-4FB411EE9D36}.Release|Any CPU.ActiveCfg = Release|Any CPU
		{96E55B45-A3E7-48D0-B061-4FB411EE9D36}.Release|Any CPU.Build.0 = Release|Any CPU
	EndGlobalSection
	GlobalSection(SolutionProperties) = preSolution
		HideSolutionNode = FALSE
	EndGlobalSection
	GlobalSection(ExtensibilityGlobals) = postSolution
		SolutionGuid = {0D7474BF-65F3-4341-8A82-4EA64BFD5C6B}
	EndGlobalSection
EndGlobal
