
Microsoft Visual Studio Solution File, Format Version 12.00
# Visual Studio Version 17
VisualStudioVersion = 17.4.33103.184
MinimumVisualStudioVersion = 10.0.40219.1
Project("{FAE04EC0-301F-11D3-BF4B-00C04F79EFBC}") = "2", "2\2.csproj", "{CC444A7F-33DD-41E7-9485-CB063947E77F}"
EndProject
Global
	GlobalSection(SolutionConfigurationPlatforms) = preSolution
		Debug|Any CPU = Debug|Any CPU
		Release|Any CPU = Release|Any CPU
	EndGlobalSection
	GlobalSection(ProjectConfigurationPlatforms) = postSolution
		{CC444A7F-33DD-41E7-9485-CB063947E77F}.Debug|Any CPU.ActiveCfg = Debug|Any CPU
		{CC444A7F-33DD-41E7-9485-CB063947E77F}.Debug|Any CPU.Build.0 = Debug|Any CPU
		{CC444A7F-33DD-41E7-9485-CB063947E77F}.Release|Any CPU.ActiveCfg = Release|Any CPU
		{CC444A7F-33DD-41E7-9485-CB063947E77F}.Release|Any CPU.Build.0 = Release|Any CPU
	EndGlobalSection
	GlobalSection(SolutionProperties) = preSolution
		HideSolutionNode = FALSE
	EndGlobalSection
	GlobalSection(ExtensibilityGlobals) = postSolution
		SolutionGuid = {50F9EEF3-0C00-4FF0-8527-5C068411ABD6}
	EndGlobalSection
EndGlobal
