
Microsoft Visual Studio Solution File, Format Version 12.00
# Visual Studio Version 17
VisualStudioVersion = 17.5.33516.290
MinimumVisualStudioVersion = 10.0.40219.1
Project("{FAE04EC0-301F-11D3-BF4B-00C04F79EFBC}") = "3", "3\3.csproj", "{85DB62AF-712A-4FBA-9C3D-501BB89668F7}"
EndProject
Global
	GlobalSection(SolutionConfigurationPlatforms) = preSolution
		Debug|Any CPU = Debug|Any CPU
		Release|Any CPU = Release|Any CPU
	EndGlobalSection
	GlobalSection(ProjectConfigurationPlatforms) = postSolution
		{85DB62AF-712A-4FBA-9C3D-501BB89668F7}.Debug|Any CPU.ActiveCfg = Debug|Any CPU
		{85DB62AF-712A-4FBA-9C3D-501BB89668F7}.Debug|Any CPU.Build.0 = Debug|Any CPU
		{85DB62AF-712A-4FBA-9C3D-501BB89668F7}.Release|Any CPU.ActiveCfg = Release|Any CPU
		{85DB62AF-712A-4FBA-9C3D-501BB89668F7}.Release|Any CPU.Build.0 = Release|Any CPU
	EndGlobalSection
	GlobalSection(SolutionProperties) = preSolution
		HideSolutionNode = FALSE
	EndGlobalSection
	GlobalSection(ExtensibilityGlobals) = postSolution
		SolutionGuid = {E7B79D0D-D3C7-4E90-A774-F91C5BFC536B}
	EndGlobalSection
EndGlobal
