
Microsoft Visual Studio Solution File, Format Version 12.00
# Visual Studio Version 17
VisualStudioVersion = 17.4.33103.184
MinimumVisualStudioVersion = 10.0.40219.1
Project("{FAE04EC0-301F-11D3-BF4B-00C04F79EFBC}") = "5", "5\5.csproj", "{E11EFE82-5BB2-4CEE-96E5-19BA3D740261}"
EndProject
Global
	GlobalSection(SolutionConfigurationPlatforms) = preSolution
		Debug|Any CPU = Debug|Any CPU
		Release|Any CPU = Release|Any CPU
	EndGlobalSection
	GlobalSection(ProjectConfigurationPlatforms) = postSolution
		{E11EFE82-5BB2-4CEE-96E5-19BA3D740261}.Debug|Any CPU.ActiveCfg = Debug|Any CPU
		{E11EFE82-5BB2-4CEE-96E5-19BA3D740261}.Debug|Any CPU.Build.0 = Debug|Any CPU
		{E11EFE82-5BB2-4CEE-96E5-19BA3D740261}.Release|Any CPU.ActiveCfg = Release|Any CPU
		{E11EFE82-5BB2-4CEE-96E5-19BA3D740261}.Release|Any CPU.Build.0 = Release|Any CPU
	EndGlobalSection
	GlobalSection(SolutionProperties) = preSolution
		HideSolutionNode = FALSE
	EndGlobalSection
	GlobalSection(ExtensibilityGlobals) = postSolution
		SolutionGuid = {4517C06C-3FED-4B34-8929-8F972C85DE6B}
	EndGlobalSection
EndGlobal
