
Microsoft Visual Studio Solution File, Format Version 12.00
# Visual Studio Version 17
VisualStudioVersion = 17.4.33103.184
MinimumVisualStudioVersion = 10.0.40219.1
Project("{FAE04EC0-301F-11D3-BF4B-00C04F79EFBC}") = "1", "1\1.csproj", "{61986055-5067-4883-87D8-73E83698170F}"
EndProject
Global
	GlobalSection(SolutionConfigurationPlatforms) = preSolution
		Debug|Any CPU = Debug|Any CPU
		Release|Any CPU = Release|Any CPU
	EndGlobalSection
	GlobalSection(ProjectConfigurationPlatforms) = postSolution
		{61986055-5067-4883-87D8-73E83698170F}.Debug|Any CPU.ActiveCfg = Debug|Any CPU
		{61986055-5067-4883-87D8-73E83698170F}.Debug|Any CPU.Build.0 = Debug|Any CPU
		{61986055-5067-4883-87D8-73E83698170F}.Release|Any CPU.ActiveCfg = Release|Any CPU
		{61986055-5067-4883-87D8-73E83698170F}.Release|Any CPU.Build.0 = Release|Any CPU
	EndGlobalSection
	GlobalSection(SolutionProperties) = preSolution
		HideSolutionNode = FALSE
	EndGlobalSection
	GlobalSection(ExtensibilityGlobals) = postSolution
		SolutionGuid = {95D5EB70-3B3D-4B59-82F0-802746960BF8}
	EndGlobalSection
EndGlobal
