
Microsoft Visual Studio Solution File, Format Version 12.00
# Visual Studio Version 17
VisualStudioVersion = 17.4.33103.184
MinimumVisualStudioVersion = 10.0.40219.1
Project("{FAE04EC0-301F-11D3-BF4B-00C04F79EFBC}") = "test", "test\test.csproj", "{A99C2765-0DD9-4509-B32C-B764B712497A}"
EndProject
Global
	GlobalSection(SolutionConfigurationPlatforms) = preSolution
		Debug|Any CPU = Debug|Any CPU
		Release|Any CPU = Release|Any CPU
	EndGlobalSection
	GlobalSection(ProjectConfigurationPlatforms) = postSolution
		{A99C2765-0DD9-4509-B32C-B764B712497A}.Debug|Any CPU.ActiveCfg = Debug|Any CPU
		{A99C2765-0DD9-4509-B32C-B764B712497A}.Debug|Any CPU.Build.0 = Debug|Any CPU
		{A99C2765-0DD9-4509-B32C-B764B712497A}.Release|Any CPU.ActiveCfg = Release|Any CPU
		{A99C2765-0DD9-4509-B32C-B764B712497A}.Release|Any CPU.Build.0 = Release|Any CPU
	EndGlobalSection
	GlobalSection(SolutionProperties) = preSolution
		HideSolutionNode = FALSE
	EndGlobalSection
	GlobalSection(ExtensibilityGlobals) = postSolution
		SolutionGuid = {0C138BDD-8528-4ABC-AB6D-0E381056C29B}
	EndGlobalSection
EndGlobal
